// !$*UTF8*$!
{
	archiveVersion = 1;
	classes = {
	};
	objectVersion = 46;
	objects = {

/* Begin PBXBuildFile section */
		0103D20219C672F500E41EAC /* SMConstants.m in Sources */ = {isa = PBXBuildFile; fileRef = 0103D20119C672F500E41EAC /* SMConstants.m */; };
		0103D20519C6919900E41EAC /* deal_background.png in Resources */ = {isa = PBXBuildFile; fileRef = 0103D20419C6919900E41EAC /* deal_background.png */; };
		0103D20819C6984100E41EAC /* SMBarInfoTranslucentView.m in Sources */ = {isa = PBXBuildFile; fileRef = 0103D20719C6984100E41EAC /* SMBarInfoTranslucentView.m */; };
		0103D21119C7E33200E41EAC /* bar-louie-logo.png in Resources */ = {isa = PBXBuildFile; fileRef = 0103D21319C7E33200E41EAC /* bar-louie-logo.png */; };
		0103D21519C9582000E41EAC /* settings18.png in Resources */ = {isa = PBXBuildFile; fileRef = 0103D21419C9582000E41EAC /* settings18.png */; };
		0103D21719C95A5100E41EAC /* facebook-login.png in Resources */ = {isa = PBXBuildFile; fileRef = 0103D21619C95A5100E41EAC /* facebook-login.png */; };
		0103D21919C95B2E00E41EAC /* barliftlogo.png in Resources */ = {isa = PBXBuildFile; fileRef = 0103D21819C95B2E00E41EAC /* barliftlogo.png */; };
		0103D21B19C95BA700E41EAC /* barlift-logo.png in Resources */ = {isa = PBXBuildFile; fileRef = 0103D21A19C95BA700E41EAC /* barlift-logo.png */; };
		0113600219C3A81100987370 /* Accounts.framework in Frameworks */ = {isa = PBXBuildFile; fileRef = 01135FF519C3A81100987370 /* Accounts.framework */; };
		0113600319C3A81100987370 /* AdSupport.framework in Frameworks */ = {isa = PBXBuildFile; fileRef = 01135FF619C3A81100987370 /* AdSupport.framework */; };
		0113600419C3A81100987370 /* AudioToolbox.framework in Frameworks */ = {isa = PBXBuildFile; fileRef = 01135FF719C3A81100987370 /* AudioToolbox.framework */; };
		0113600519C3A81100987370 /* CFNetwork.framework in Frameworks */ = {isa = PBXBuildFile; fileRef = 01135FF819C3A81100987370 /* CFNetwork.framework */; };
		0113600619C3A81100987370 /* CoreLocation.framework in Frameworks */ = {isa = PBXBuildFile; fileRef = 01135FF919C3A81100987370 /* CoreLocation.framework */; };
		0113600719C3A81100987370 /* libsqlite3.dylib in Frameworks */ = {isa = PBXBuildFile; fileRef = 01135FFA19C3A81100987370 /* libsqlite3.dylib */; };
		0113600819C3A81100987370 /* libz.1.1.3.dylib in Frameworks */ = {isa = PBXBuildFile; fileRef = 01135FFB19C3A81100987370 /* libz.1.1.3.dylib */; };
		0113600919C3A81100987370 /* MobileCoreServices.framework in Frameworks */ = {isa = PBXBuildFile; fileRef = 01135FFC19C3A81100987370 /* MobileCoreServices.framework */; };
		0113600A19C3A81100987370 /* QuartzCore.framework in Frameworks */ = {isa = PBXBuildFile; fileRef = 01135FFD19C3A81100987370 /* QuartzCore.framework */; };
		0113600B19C3A81100987370 /* Security.framework in Frameworks */ = {isa = PBXBuildFile; fileRef = 01135FFE19C3A81100987370 /* Security.framework */; };
		0113600C19C3A81100987370 /* Social.framework in Frameworks */ = {isa = PBXBuildFile; fileRef = 01135FFF19C3A81100987370 /* Social.framework */; };
		0113600D19C3A81100987370 /* StoreKit.framework in Frameworks */ = {isa = PBXBuildFile; fileRef = 0113600019C3A81100987370 /* StoreKit.framework */; };
		0113600E19C3A81100987370 /* SystemConfiguration.framework in Frameworks */ = {isa = PBXBuildFile; fileRef = 0113600119C3A81100987370 /* SystemConfiguration.framework */; };
		0113601E19C3D04600987370 /* SMUniversityTableViewController.m in Sources */ = {isa = PBXBuildFile; fileRef = 0113601D19C3D04600987370 /* SMUniversityTableViewController.m */; };
		0113602419C4022200987370 /* SMUniversityTableViewCell.m in Sources */ = {isa = PBXBuildFile; fileRef = 0113602319C4022200987370 /* SMUniversityTableViewCell.m */; };
		01938CFE19C961BC00E40326 /* Facebook@2x.png in Resources */ = {isa = PBXBuildFile; fileRef = 01938CFD19C961BC00E40326 /* Facebook@2x.png */; };
		01938D0319C981A900E40326 /* fire9.png in Resources */ = {isa = PBXBuildFile; fileRef = 01938D0019C981A900E40326 /* fire9.png */; };
		01938D1A19CA4BA100E40326 /* cross30.png in Resources */ = {isa = PBXBuildFile; fileRef = 01938D1719CA4BA100E40326 /* cross30.png */; };
		01938D1B19CA4BA100E40326 /* checkmark16.png in Resources */ = {isa = PBXBuildFile; fileRef = 01938D1819CA4BA100E40326 /* checkmark16.png */; };
		01938D1C19CA4BA100E40326 /* verify4.png in Resources */ = {isa = PBXBuildFile; fileRef = 01938D1919CA4BA100E40326 /* verify4.png */; };
		01938D2519CA731F00E40326 /* EEToolbarCenterButtonOverlay.m in Sources */ = {isa = PBXBuildFile; fileRef = 01938D2219CA731F00E40326 /* EEToolbarCenterButtonOverlay.m */; };
		01938D2619CA731F00E40326 /* UIToolbar+EEToolbarCenterButton.m in Sources */ = {isa = PBXBuildFile; fileRef = 01938D2419CA731F00E40326 /* UIToolbar+EEToolbarCenterButton.m */; };
		01938D2B19CA80BD00E40326 /* delete_sign-32.png in Resources */ = {isa = PBXBuildFile; fileRef = 01938D2A19CA80BD00E40326 /* delete_sign-32.png */; };
		01938D2D19CA820C00E40326 /* up_right-50.png in Resources */ = {isa = PBXBuildFile; fileRef = 01938D2C19CA820C00E40326 /* up_right-50.png */; };
		01938D3019CA85A500E40326 /* ok-48.png in Resources */ = {isa = PBXBuildFile; fileRef = 01938D2E19CA85A500E40326 /* ok-48.png */; };
		01938D3119CA85A500E40326 /* checkmark-50.png in Resources */ = {isa = PBXBuildFile; fileRef = 01938D2F19CA85A500E40326 /* checkmark-50.png */; };
		01938D4319CB5E1D00E40326 /* Reachability.m in Sources */ = {isa = PBXBuildFile; fileRef = 01938D4219CB5E1D00E40326 /* Reachability.m */; };
		01938D4919CB8E9000E40326 /* SMSettingsViewController.m in Sources */ = {isa = PBXBuildFile; fileRef = 01938D4819CB8E9000E40326 /* SMSettingsViewController.m */; };
		01CFE47C19D0F0C900CAC654 /* SMFriendsViewController.m in Sources */ = {isa = PBXBuildFile; fileRef = 01CFE47B19D0F0C900CAC654 /* SMFriendsViewController.m */; };
		01CFE48019D0F12D00CAC654 /* SMContainerViewController.m in Sources */ = {isa = PBXBuildFile; fileRef = 01CFE47F19D0F12D00CAC654 /* SMContainerViewController.m */; };
		01CFE48419D11C1F00CAC654 /* mute37.png in Resources */ = {isa = PBXBuildFile; fileRef = 01CFE48319D11C1F00CAC654 /* mute37.png */; };
		01CFE48819D1226200CAC654 /* BarLiftBG4.jpg in Resources */ = {isa = PBXBuildFile; fileRef = 01CFE48719D1226200CAC654 /* BarLiftBG4.jpg */; };
		01CFE48C19D123CE00CAC654 /* BarLiftBG6.jpg in Resources */ = {isa = PBXBuildFile; fileRef = 01CFE48B19D123CE00CAC654 /* BarLiftBG6.jpg */; };
		01CFE49019D1246A00CAC654 /* BarliftBG1.jpg in Resources */ = {isa = PBXBuildFile; fileRef = 01CFE48F19D1246A00CAC654 /* BarliftBG1.jpg */; };
		01CFE49619D2766A00CAC654 /* HMSegmentedControl.m in Sources */ = {isa = PBXBuildFile; fileRef = 01CFE49519D2766A00CAC654 /* HMSegmentedControl.m */; };
		01CFE49B19D287D900CAC654 /* SMFriendsTableViewController.m in Sources */ = {isa = PBXBuildFile; fileRef = 01CFE49A19D287D900CAC654 /* SMFriendsTableViewController.m */; };
		01CFE49E19D2893E00CAC654 /* SMElsewhereViewController.m in Sources */ = {isa = PBXBuildFile; fileRef = 01CFE49D19D2893E00CAC654 /* SMElsewhereViewController.m */; };
		01CFE4A519D5235600CAC654 /* fb.png in Resources */ = {isa = PBXBuildFile; fileRef = 01CFE4A419D5235600CAC654 /* fb.png */; };
		01CFE4A719D523B800CAC654 /* logo.png in Resources */ = {isa = PBXBuildFile; fileRef = 01CFE4A619D523B800CAC654 /* logo.png */; };
		01E5F08719C39110001B6D35 /* Foundation.framework in Frameworks */ = {isa = PBXBuildFile; fileRef = 01E5F08619C39110001B6D35 /* Foundation.framework */; };
		01E5F08919C39110001B6D35 /* CoreGraphics.framework in Frameworks */ = {isa = PBXBuildFile; fileRef = 01E5F08819C39110001B6D35 /* CoreGraphics.framework */; };
		01E5F08B19C39110001B6D35 /* UIKit.framework in Frameworks */ = {isa = PBXBuildFile; fileRef = 01E5F08A19C39110001B6D35 /* UIKit.framework */; };
		01E5F09119C39110001B6D35 /* InfoPlist.strings in Resources */ = {isa = PBXBuildFile; fileRef = 01E5F08F19C39110001B6D35 /* InfoPlist.strings */; };
		01E5F09319C39110001B6D35 /* main.m in Sources */ = {isa = PBXBuildFile; fileRef = 01E5F09219C39110001B6D35 /* main.m */; };
		01E5F09719C39110001B6D35 /* SMAppDelegate.m in Sources */ = {isa = PBXBuildFile; fileRef = 01E5F09619C39110001B6D35 /* SMAppDelegate.m */; };
		01E5F09A19C39110001B6D35 /* Main.storyboard in Resources */ = {isa = PBXBuildFile; fileRef = 01E5F09819C39110001B6D35 /* Main.storyboard */; };
		01E5F09D19C39110001B6D35 /* SMViewController.m in Sources */ = {isa = PBXBuildFile; fileRef = 01E5F09C19C39110001B6D35 /* SMViewController.m */; };
		01E5F09F19C39110001B6D35 /* Images.xcassets in Resources */ = {isa = PBXBuildFile; fileRef = 01E5F09E19C39110001B6D35 /* Images.xcassets */; };
		01E5F0A619C39110001B6D35 /* XCTest.framework in Frameworks */ = {isa = PBXBuildFile; fileRef = 01E5F0A519C39110001B6D35 /* XCTest.framework */; };
		01E5F0A719C39110001B6D35 /* Foundation.framework in Frameworks */ = {isa = PBXBuildFile; fileRef = 01E5F08619C39110001B6D35 /* Foundation.framework */; };
		01E5F0A819C39110001B6D35 /* UIKit.framework in Frameworks */ = {isa = PBXBuildFile; fileRef = 01E5F08A19C39110001B6D35 /* UIKit.framework */; };
		01E5F0B019C39110001B6D35 /* InfoPlist.strings in Resources */ = {isa = PBXBuildFile; fileRef = 01E5F0AE19C39110001B6D35 /* InfoPlist.strings */; };
		01E5F0B219C39110001B6D35 /* BarLiftTests.m in Sources */ = {isa = PBXBuildFile; fileRef = 01E5F0B119C39110001B6D35 /* BarLiftTests.m */; };
		01E5F0C519C39D13001B6D35 /* SMLoginViewController.m in Sources */ = {isa = PBXBuildFile; fileRef = 01E5F0C419C39D13001B6D35 /* SMLoginViewController.m */; };
		01E5F0CA19C39E24001B6D35 /* SMDealViewController.m in Sources */ = {isa = PBXBuildFile; fileRef = 01E5F0C919C39E24001B6D35 /* SMDealViewController.m */; };
		01E5F0CC19C3A4FF001B6D35 /* FacebookSDK.framework in Frameworks */ = {isa = PBXBuildFile; fileRef = 01E5F0CB19C3A4FF001B6D35 /* FacebookSDK.framework */; };
		01E5F0D019C3A548001B6D35 /* Bolts.framework in Frameworks */ = {isa = PBXBuildFile; fileRef = 01E5F0CD19C3A548001B6D35 /* Bolts.framework */; };
		01E5F0D119C3A548001B6D35 /* ParseFacebookUtils.framework in Frameworks */ = {isa = PBXBuildFile; fileRef = 01E5F0CE19C3A548001B6D35 /* ParseFacebookUtils.framework */; };
		01E5F0D219C3A548001B6D35 /* Parse.framework in Frameworks */ = {isa = PBXBuildFile; fileRef = 01E5F0CF19C3A548001B6D35 /* Parse.framework */; };
/* End PBXBuildFile section */

/* Begin PBXContainerItemProxy section */
		01E5F0A919C39110001B6D35 /* PBXContainerItemProxy */ = {
			isa = PBXContainerItemProxy;
			containerPortal = 01E5F07B19C39110001B6D35 /* Project object */;
			proxyType = 1;
			remoteGlobalIDString = 01E5F08219C39110001B6D35;
			remoteInfo = BarLift;
		};
/* End PBXContainerItemProxy section */

/* Begin PBXFileReference section */
		0103D20019C672F500E41EAC /* SMConstants.h */ = {isa = PBXFileReference; fileEncoding = 4; lastKnownFileType = sourcecode.c.h; path = SMConstants.h; sourceTree = "<group>"; };
		0103D20119C672F500E41EAC /* SMConstants.m */ = {isa = PBXFileReference; fileEncoding = 4; lastKnownFileType = sourcecode.c.objc; path = SMConstants.m; sourceTree = "<group>"; };
		0103D20419C6919900E41EAC /* deal_background.png */ = {isa = PBXFileReference; lastKnownFileType = image.png; path = deal_background.png; sourceTree = "<group>"; };
		0103D20619C6984100E41EAC /* SMBarInfoTranslucentView.h */ = {isa = PBXFileReference; fileEncoding = 4; lastKnownFileType = sourcecode.c.h; path = SMBarInfoTranslucentView.h; sourceTree = "<group>"; };
		0103D20719C6984100E41EAC /* SMBarInfoTranslucentView.m */ = {isa = PBXFileReference; fileEncoding = 4; lastKnownFileType = sourcecode.c.objc; path = SMBarInfoTranslucentView.m; sourceTree = "<group>"; };
		0103D21219C7E33200E41EAC /* Base */ = {isa = PBXFileReference; lastKnownFileType = image.png; name = Base; path = "Base.lproj/bar-louie-logo.png"; sourceTree = "<group>"; };
		0103D21419C9582000E41EAC /* settings18.png */ = {isa = PBXFileReference; lastKnownFileType = image.png; path = settings18.png; sourceTree = "<group>"; };
		0103D21619C95A5100E41EAC /* facebook-login.png */ = {isa = PBXFileReference; lastKnownFileType = image.png; path = "facebook-login.png"; sourceTree = "<group>"; };
		0103D21819C95B2E00E41EAC /* barliftlogo.png */ = {isa = PBXFileReference; lastKnownFileType = image.png; path = barliftlogo.png; sourceTree = "<group>"; };
		0103D21A19C95BA700E41EAC /* barlift-logo.png */ = {isa = PBXFileReference; lastKnownFileType = image.png; path = "barlift-logo.png"; sourceTree = "<group>"; };
		01135FF519C3A81100987370 /* Accounts.framework */ = {isa = PBXFileReference; lastKnownFileType = wrapper.framework; name = Accounts.framework; path = System/Library/Frameworks/Accounts.framework; sourceTree = SDKROOT; };
		01135FF619C3A81100987370 /* AdSupport.framework */ = {isa = PBXFileReference; lastKnownFileType = wrapper.framework; name = AdSupport.framework; path = System/Library/Frameworks/AdSupport.framework; sourceTree = SDKROOT; };
		01135FF719C3A81100987370 /* AudioToolbox.framework */ = {isa = PBXFileReference; lastKnownFileType = wrapper.framework; name = AudioToolbox.framework; path = System/Library/Frameworks/AudioToolbox.framework; sourceTree = SDKROOT; };
		01135FF819C3A81100987370 /* CFNetwork.framework */ = {isa = PBXFileReference; lastKnownFileType = wrapper.framework; name = CFNetwork.framework; path = System/Library/Frameworks/CFNetwork.framework; sourceTree = SDKROOT; };
		01135FF919C3A81100987370 /* CoreLocation.framework */ = {isa = PBXFileReference; lastKnownFileType = wrapper.framework; name = CoreLocation.framework; path = System/Library/Frameworks/CoreLocation.framework; sourceTree = SDKROOT; };
		01135FFA19C3A81100987370 /* libsqlite3.dylib */ = {isa = PBXFileReference; lastKnownFileType = "compiled.mach-o.dylib"; name = libsqlite3.dylib; path = usr/lib/libsqlite3.dylib; sourceTree = SDKROOT; };
		01135FFB19C3A81100987370 /* libz.1.1.3.dylib */ = {isa = PBXFileReference; lastKnownFileType = "compiled.mach-o.dylib"; name = libz.1.1.3.dylib; path = usr/lib/libz.1.1.3.dylib; sourceTree = SDKROOT; };
		01135FFC19C3A81100987370 /* MobileCoreServices.framework */ = {isa = PBXFileReference; lastKnownFileType = wrapper.framework; name = MobileCoreServices.framework; path = System/Library/Frameworks/MobileCoreServices.framework; sourceTree = SDKROOT; };
		01135FFD19C3A81100987370 /* QuartzCore.framework */ = {isa = PBXFileReference; lastKnownFileType = wrapper.framework; name = QuartzCore.framework; path = System/Library/Frameworks/QuartzCore.framework; sourceTree = SDKROOT; };
		01135FFE19C3A81100987370 /* Security.framework */ = {isa = PBXFileReference; lastKnownFileType = wrapper.framework; name = Security.framework; path = System/Library/Frameworks/Security.framework; sourceTree = SDKROOT; };
		01135FFF19C3A81100987370 /* Social.framework */ = {isa = PBXFileReference; lastKnownFileType = wrapper.framework; name = Social.framework; path = System/Library/Frameworks/Social.framework; sourceTree = SDKROOT; };
		0113600019C3A81100987370 /* StoreKit.framework */ = {isa = PBXFileReference; lastKnownFileType = wrapper.framework; name = StoreKit.framework; path = System/Library/Frameworks/StoreKit.framework; sourceTree = SDKROOT; };
		0113600119C3A81100987370 /* SystemConfiguration.framework */ = {isa = PBXFileReference; lastKnownFileType = wrapper.framework; name = SystemConfiguration.framework; path = System/Library/Frameworks/SystemConfiguration.framework; sourceTree = SDKROOT; };
		0113601C19C3D04600987370 /* SMUniversityTableViewController.h */ = {isa = PBXFileReference; fileEncoding = 4; lastKnownFileType = sourcecode.c.h; path = SMUniversityTableViewController.h; sourceTree = "<group>"; };
		0113601D19C3D04600987370 /* SMUniversityTableViewController.m */ = {isa = PBXFileReference; fileEncoding = 4; lastKnownFileType = sourcecode.c.objc; path = SMUniversityTableViewController.m; sourceTree = "<group>"; };
		0113602219C4022200987370 /* SMUniversityTableViewCell.h */ = {isa = PBXFileReference; fileEncoding = 4; lastKnownFileType = sourcecode.c.h; path = SMUniversityTableViewCell.h; sourceTree = "<group>"; };
		0113602319C4022200987370 /* SMUniversityTableViewCell.m */ = {isa = PBXFileReference; fileEncoding = 4; lastKnownFileType = sourcecode.c.objc; path = SMUniversityTableViewCell.m; sourceTree = "<group>"; };
		01938CFD19C961BC00E40326 /* Facebook@2x.png */ = {isa = PBXFileReference; lastKnownFileType = image.png; path = "Facebook@2x.png"; sourceTree = "<group>"; };
		01938D0019C981A900E40326 /* fire9.png */ = {isa = PBXFileReference; lastKnownFileType = image.png; path = fire9.png; sourceTree = "<group>"; };
		01938D1719CA4BA100E40326 /* cross30.png */ = {isa = PBXFileReference; lastKnownFileType = image.png; path = cross30.png; sourceTree = "<group>"; };
		01938D1819CA4BA100E40326 /* checkmark16.png */ = {isa = PBXFileReference; lastKnownFileType = image.png; path = checkmark16.png; sourceTree = "<group>"; };
		01938D1919CA4BA100E40326 /* verify4.png */ = {isa = PBXFileReference; lastKnownFileType = image.png; path = verify4.png; sourceTree = "<group>"; };
		01938D2119CA731F00E40326 /* EEToolbarCenterButtonOverlay.h */ = {isa = PBXFileReference; fileEncoding = 4; lastKnownFileType = sourcecode.c.h; path = EEToolbarCenterButtonOverlay.h; sourceTree = "<group>"; };
		01938D2219CA731F00E40326 /* EEToolbarCenterButtonOverlay.m */ = {isa = PBXFileReference; fileEncoding = 4; lastKnownFileType = sourcecode.c.objc; path = EEToolbarCenterButtonOverlay.m; sourceTree = "<group>"; };
		01938D2319CA731F00E40326 /* UIToolbar+EEToolbarCenterButton.h */ = {isa = PBXFileReference; fileEncoding = 4; lastKnownFileType = sourcecode.c.h; path = "UIToolbar+EEToolbarCenterButton.h"; sourceTree = "<group>"; };
		01938D2419CA731F00E40326 /* UIToolbar+EEToolbarCenterButton.m */ = {isa = PBXFileReference; fileEncoding = 4; lastKnownFileType = sourcecode.c.objc; path = "UIToolbar+EEToolbarCenterButton.m"; sourceTree = "<group>"; };
		01938D2A19CA80BD00E40326 /* delete_sign-32.png */ = {isa = PBXFileReference; lastKnownFileType = image.png; path = "delete_sign-32.png"; sourceTree = "<group>"; };
		01938D2C19CA820C00E40326 /* up_right-50.png */ = {isa = PBXFileReference; lastKnownFileType = image.png; path = "up_right-50.png"; sourceTree = "<group>"; };
		01938D2E19CA85A500E40326 /* ok-48.png */ = {isa = PBXFileReference; lastKnownFileType = image.png; path = "ok-48.png"; sourceTree = "<group>"; };
		01938D2F19CA85A500E40326 /* checkmark-50.png */ = {isa = PBXFileReference; lastKnownFileType = image.png; path = "checkmark-50.png"; sourceTree = "<group>"; };
		01938D4119CB5E1D00E40326 /* Reachability.h */ = {isa = PBXFileReference; fileEncoding = 4; lastKnownFileType = sourcecode.c.h; path = Reachability.h; sourceTree = "<group>"; };
		01938D4219CB5E1D00E40326 /* Reachability.m */ = {isa = PBXFileReference; fileEncoding = 4; lastKnownFileType = sourcecode.c.objc; path = Reachability.m; sourceTree = "<group>"; };
		01938D4719CB8E9000E40326 /* SMSettingsViewController.h */ = {isa = PBXFileReference; fileEncoding = 4; lastKnownFileType = sourcecode.c.h; path = SMSettingsViewController.h; sourceTree = "<group>"; };
		01938D4819CB8E9000E40326 /* SMSettingsViewController.m */ = {isa = PBXFileReference; fileEncoding = 4; lastKnownFileType = sourcecode.c.objc; path = SMSettingsViewController.m; sourceTree = "<group>"; };
		01CFE47A19D0F0C900CAC654 /* SMFriendsViewController.h */ = {isa = PBXFileReference; fileEncoding = 4; lastKnownFileType = sourcecode.c.h; path = SMFriendsViewController.h; sourceTree = "<group>"; };
		01CFE47B19D0F0C900CAC654 /* SMFriendsViewController.m */ = {isa = PBXFileReference; fileEncoding = 4; lastKnownFileType = sourcecode.c.objc; path = SMFriendsViewController.m; sourceTree = "<group>"; };
		01CFE47E19D0F12D00CAC654 /* SMContainerViewController.h */ = {isa = PBXFileReference; fileEncoding = 4; lastKnownFileType = sourcecode.c.h; path = SMContainerViewController.h; sourceTree = "<group>"; };
		01CFE47F19D0F12D00CAC654 /* SMContainerViewController.m */ = {isa = PBXFileReference; fileEncoding = 4; lastKnownFileType = sourcecode.c.objc; path = SMContainerViewController.m; sourceTree = "<group>"; };
		01CFE48319D11C1F00CAC654 /* mute37.png */ = {isa = PBXFileReference; lastKnownFileType = image.png; path = mute37.png; sourceTree = "<group>"; };
		01CFE48719D1226200CAC654 /* BarLiftBG4.jpg */ = {isa = PBXFileReference; explicitFileType = image.jpeg; path = BarLiftBG4.jpg; sourceTree = "<group>"; };
		01CFE48B19D123CE00CAC654 /* BarLiftBG6.jpg */ = {isa = PBXFileReference; lastKnownFileType = image.jpeg; path = BarLiftBG6.jpg; sourceTree = "<group>"; };
		01CFE48F19D1246A00CAC654 /* BarliftBG1.jpg */ = {isa = PBXFileReference; explicitFileType = image.jpeg; path = BarliftBG1.jpg; sourceTree = "<group>"; };
		01CFE49419D2766A00CAC654 /* HMSegmentedControl.h */ = {isa = PBXFileReference; fileEncoding = 4; lastKnownFileType = sourcecode.c.h; path = HMSegmentedControl.h; sourceTree = "<group>"; };
		01CFE49519D2766A00CAC654 /* HMSegmentedControl.m */ = {isa = PBXFileReference; fileEncoding = 4; lastKnownFileType = sourcecode.c.objc; path = HMSegmentedControl.m; sourceTree = "<group>"; };
		01CFE49919D287D900CAC654 /* SMFriendsTableViewController.h */ = {isa = PBXFileReference; fileEncoding = 4; lastKnownFileType = sourcecode.c.h; path = SMFriendsTableViewController.h; sourceTree = "<group>"; };
		01CFE49A19D287D900CAC654 /* SMFriendsTableViewController.m */ = {isa = PBXFileReference; fileEncoding = 4; lastKnownFileType = sourcecode.c.objc; path = SMFriendsTableViewController.m; sourceTree = "<group>"; };
		01CFE49C19D2893E00CAC654 /* SMElsewhereViewController.h */ = {isa = PBXFileReference; fileEncoding = 4; lastKnownFileType = sourcecode.c.h; path = SMElsewhereViewController.h; sourceTree = "<group>"; };
		01CFE49D19D2893E00CAC654 /* SMElsewhereViewController.m */ = {isa = PBXFileReference; fileEncoding = 4; lastKnownFileType = sourcecode.c.objc; path = SMElsewhereViewController.m; sourceTree = "<group>"; };
		01CFE4A419D5235600CAC654 /* fb.png */ = {isa = PBXFileReference; lastKnownFileType = image.png; path = fb.png; sourceTree = "<group>"; };
		01CFE4A619D523B800CAC654 /* logo.png */ = {isa = PBXFileReference; lastKnownFileType = image.png; path = logo.png; sourceTree = "<group>"; };
		01E5F08319C39110001B6D35 /* BarLift.app */ = {isa = PBXFileReference; explicitFileType = wrapper.application; includeInIndex = 0; path = BarLift.app; sourceTree = BUILT_PRODUCTS_DIR; };
		01E5F08619C39110001B6D35 /* Foundation.framework */ = {isa = PBXFileReference; lastKnownFileType = wrapper.framework; name = Foundation.framework; path = System/Library/Frameworks/Foundation.framework; sourceTree = SDKROOT; };
		01E5F08819C39110001B6D35 /* CoreGraphics.framework */ = {isa = PBXFileReference; lastKnownFileType = wrapper.framework; name = CoreGraphics.framework; path = System/Library/Frameworks/CoreGraphics.framework; sourceTree = SDKROOT; };
		01E5F08A19C39110001B6D35 /* UIKit.framework */ = {isa = PBXFileReference; lastKnownFileType = wrapper.framework; name = UIKit.framework; path = System/Library/Frameworks/UIKit.framework; sourceTree = SDKROOT; };
		01E5F08E19C39110001B6D35 /* BarLift-Info.plist */ = {isa = PBXFileReference; lastKnownFileType = text.plist.xml; path = "BarLift-Info.plist"; sourceTree = "<group>"; };
		01E5F09019C39110001B6D35 /* en */ = {isa = PBXFileReference; lastKnownFileType = text.plist.strings; name = en; path = en.lproj/InfoPlist.strings; sourceTree = "<group>"; };
		01E5F09219C39110001B6D35 /* main.m */ = {isa = PBXFileReference; lastKnownFileType = sourcecode.c.objc; path = main.m; sourceTree = "<group>"; };
		01E5F09419C39110001B6D35 /* BarLift-Prefix.pch */ = {isa = PBXFileReference; lastKnownFileType = sourcecode.c.h; path = "BarLift-Prefix.pch"; sourceTree = "<group>"; };
		01E5F09519C39110001B6D35 /* SMAppDelegate.h */ = {isa = PBXFileReference; lastKnownFileType = sourcecode.c.h; path = SMAppDelegate.h; sourceTree = "<group>"; };
		01E5F09619C39110001B6D35 /* SMAppDelegate.m */ = {isa = PBXFileReference; lastKnownFileType = sourcecode.c.objc; path = SMAppDelegate.m; sourceTree = "<group>"; };
		01E5F09919C39110001B6D35 /* Base */ = {isa = PBXFileReference; lastKnownFileType = file.storyboard; name = Base; path = Base.lproj/Main.storyboard; sourceTree = "<group>"; };
		01E5F09B19C39110001B6D35 /* SMViewController.h */ = {isa = PBXFileReference; lastKnownFileType = sourcecode.c.h; path = SMViewController.h; sourceTree = "<group>"; };
		01E5F09C19C39110001B6D35 /* SMViewController.m */ = {isa = PBXFileReference; lastKnownFileType = sourcecode.c.objc; path = SMViewController.m; sourceTree = "<group>"; };
		01E5F09E19C39110001B6D35 /* Images.xcassets */ = {isa = PBXFileReference; lastKnownFileType = folder.assetcatalog; path = Images.xcassets; sourceTree = "<group>"; };
		01E5F0A419C39110001B6D35 /* BarLiftTests.xctest */ = {isa = PBXFileReference; explicitFileType = wrapper.cfbundle; includeInIndex = 0; path = BarLiftTests.xctest; sourceTree = BUILT_PRODUCTS_DIR; };
		01E5F0A519C39110001B6D35 /* XCTest.framework */ = {isa = PBXFileReference; lastKnownFileType = wrapper.framework; name = XCTest.framework; path = Library/Frameworks/XCTest.framework; sourceTree = DEVELOPER_DIR; };
		01E5F0AD19C39110001B6D35 /* BarLiftTests-Info.plist */ = {isa = PBXFileReference; lastKnownFileType = text.plist.xml; path = "BarLiftTests-Info.plist"; sourceTree = "<group>"; };
		01E5F0AF19C39110001B6D35 /* en */ = {isa = PBXFileReference; lastKnownFileType = text.plist.strings; name = en; path = en.lproj/InfoPlist.strings; sourceTree = "<group>"; };
		01E5F0B119C39110001B6D35 /* BarLiftTests.m */ = {isa = PBXFileReference; lastKnownFileType = sourcecode.c.objc; path = BarLiftTests.m; sourceTree = "<group>"; };
		01E5F0C319C39D13001B6D35 /* SMLoginViewController.h */ = {isa = PBXFileReference; fileEncoding = 4; lastKnownFileType = sourcecode.c.h; path = SMLoginViewController.h; sourceTree = "<group>"; };
		01E5F0C419C39D13001B6D35 /* SMLoginViewController.m */ = {isa = PBXFileReference; fileEncoding = 4; lastKnownFileType = sourcecode.c.objc; path = SMLoginViewController.m; sourceTree = "<group>"; };
		01E5F0C819C39E24001B6D35 /* SMDealViewController.h */ = {isa = PBXFileReference; fileEncoding = 4; lastKnownFileType = sourcecode.c.h; path = SMDealViewController.h; sourceTree = "<group>"; };
		01E5F0C919C39E24001B6D35 /* SMDealViewController.m */ = {isa = PBXFileReference; fileEncoding = 4; lastKnownFileType = sourcecode.c.objc; path = SMDealViewController.m; sourceTree = "<group>"; };
		01E5F0CB19C3A4FF001B6D35 /* FacebookSDK.framework */ = {isa = PBXFileReference; lastKnownFileType = wrapper.framework; path = FacebookSDK.framework; sourceTree = "<group>"; };
		01E5F0CD19C3A548001B6D35 /* Bolts.framework */ = {isa = PBXFileReference; lastKnownFileType = wrapper.framework; path = Bolts.framework; sourceTree = "<group>"; };
		01E5F0CE19C3A548001B6D35 /* ParseFacebookUtils.framework */ = {isa = PBXFileReference; lastKnownFileType = wrapper.framework; path = ParseFacebookUtils.framework; sourceTree = "<group>"; };
		01E5F0CF19C3A548001B6D35 /* Parse.framework */ = {isa = PBXFileReference; lastKnownFileType = wrapper.framework; path = Parse.framework; sourceTree = "<group>"; };
/* End PBXFileReference section */

/* Begin PBXFrameworksBuildPhase section */
		01E5F08019C39110001B6D35 /* Frameworks */ = {
			isa = PBXFrameworksBuildPhase;
			buildActionMask = 2147483647;
			files = (
				0113600219C3A81100987370 /* Accounts.framework in Frameworks */,
				0113600319C3A81100987370 /* AdSupport.framework in Frameworks */,
				0113600419C3A81100987370 /* AudioToolbox.framework in Frameworks */,
				0113600519C3A81100987370 /* CFNetwork.framework in Frameworks */,
				0113600619C3A81100987370 /* CoreLocation.framework in Frameworks */,
				0113600719C3A81100987370 /* libsqlite3.dylib in Frameworks */,
				0113600819C3A81100987370 /* libz.1.1.3.dylib in Frameworks */,
				0113600919C3A81100987370 /* MobileCoreServices.framework in Frameworks */,
				0113600A19C3A81100987370 /* QuartzCore.framework in Frameworks */,
				0113600B19C3A81100987370 /* Security.framework in Frameworks */,
				0113600C19C3A81100987370 /* Social.framework in Frameworks */,
				0113600D19C3A81100987370 /* StoreKit.framework in Frameworks */,
				0113600E19C3A81100987370 /* SystemConfiguration.framework in Frameworks */,
				01E5F0D019C3A548001B6D35 /* Bolts.framework in Frameworks */,
				01E5F08919C39110001B6D35 /* CoreGraphics.framework in Frameworks */,
				01E5F0D119C3A548001B6D35 /* ParseFacebookUtils.framework in Frameworks */,
				01E5F0D219C3A548001B6D35 /* Parse.framework in Frameworks */,
				01E5F0CC19C3A4FF001B6D35 /* FacebookSDK.framework in Frameworks */,
				01E5F08B19C39110001B6D35 /* UIKit.framework in Frameworks */,
				01E5F08719C39110001B6D35 /* Foundation.framework in Frameworks */,
			);
			runOnlyForDeploymentPostprocessing = 0;
		};
		01E5F0A119C39110001B6D35 /* Frameworks */ = {
			isa = PBXFrameworksBuildPhase;
			buildActionMask = 2147483647;
			files = (
				01E5F0A619C39110001B6D35 /* XCTest.framework in Frameworks */,
				01E5F0A819C39110001B6D35 /* UIKit.framework in Frameworks */,
				01E5F0A719C39110001B6D35 /* Foundation.framework in Frameworks */,
			);
			runOnlyForDeploymentPostprocessing = 0;
		};
/* End PBXFrameworksBuildPhase section */

/* Begin PBXGroup section */
		0103D20319C672F900E41EAC /* Constants */ = {
			isa = PBXGroup;
			children = (
				0103D20019C672F500E41EAC /* SMConstants.h */,
				0103D20119C672F500E41EAC /* SMConstants.m */,
			);
			name = Constants;
			sourceTree = "<group>";
		};
		0103D20919C6984700E41EAC /* BarInfo Translucent */ = {
			isa = PBXGroup;
			children = (
				0103D20619C6984100E41EAC /* SMBarInfoTranslucentView.h */,
				0103D20719C6984100E41EAC /* SMBarInfoTranslucentView.m */,
			);
			name = "BarInfo Translucent";
			sourceTree = "<group>";
		};
		0113601219C3BA4F00987370 /* University Info */ = {
			isa = PBXGroup;
			children = (
				0113601C19C3D04600987370 /* SMUniversityTableViewController.h */,
				0113601D19C3D04600987370 /* SMUniversityTableViewController.m */,
				0113602219C4022200987370 /* SMUniversityTableViewCell.h */,
				0113602319C4022200987370 /* SMUniversityTableViewCell.m */,
			);
			name = "University Info";
			sourceTree = "<group>";
		};
		01938D2719CA732700E40326 /* CenterToolbarButton */ = {
			isa = PBXGroup;
			children = (
				01938D2119CA731F00E40326 /* EEToolbarCenterButtonOverlay.h */,
				01938D2219CA731F00E40326 /* EEToolbarCenterButtonOverlay.m */,
				01938D2319CA731F00E40326 /* UIToolbar+EEToolbarCenterButton.h */,
				01938D2419CA731F00E40326 /* UIToolbar+EEToolbarCenterButton.m */,
			);
			name = CenterToolbarButton;
			sourceTree = "<group>";
		};
		01938D3C19CAA37400E40326 /* PopUp */ = {
			isa = PBXGroup;
			children = (
			);
			name = PopUp;
			sourceTree = "<group>";
		};
		01938D4019CB5DD100E40326 /* Reachability */ = {
			isa = PBXGroup;
			children = (
				01938D4419CB69C800E40326 /* New Group */,
				01938D4119CB5E1D00E40326 /* Reachability.h */,
				01938D4219CB5E1D00E40326 /* Reachability.m */,
			);
			name = Reachability;
			sourceTree = "<group>";
		};
		01938D4419CB69C800E40326 /* New Group */ = {
			isa = PBXGroup;
			children = (
			);
			name = "New Group";
			sourceTree = "<group>";
		};
		01938D4519CB69D900E40326 /* Helper Libraries */ = {
			isa = PBXGroup;
			children = (
				01938D4019CB5DD100E40326 /* Reachability */,
				01938D2719CA732700E40326 /* CenterToolbarButton */,
				0103D20919C6984700E41EAC /* BarInfo Translucent */,
			);
			name = "Helper Libraries";
			sourceTree = "<group>";
		};
		01938D4619CB8E7A00E40326 /* Settings */ = {
			isa = PBXGroup;
			children = (
				01938D4719CB8E9000E40326 /* SMSettingsViewController.h */,
				01938D4819CB8E9000E40326 /* SMSettingsViewController.m */,
			);
			name = Settings;
			sourceTree = "<group>";
		};
		01CFE47919D0F0AA00CAC654 /* Friends */ = {
			isa = PBXGroup;
			children = (
				01CFE49819D287C500CAC654 /* Table View */,
				01CFE47A19D0F0C900CAC654 /* SMFriendsViewController.h */,
				01CFE47B19D0F0C900CAC654 /* SMFriendsViewController.m */,
			);
			name = Friends;
			sourceTree = "<group>";
		};
		01CFE47D19D0F10400CAC654 /* Sliding Container */ = {
			isa = PBXGroup;
			children = (
				01CFE47919D0F0AA00CAC654 /* Friends */,
				01E5F0C719C39E11001B6D35 /* Deal */,
				01CFE47E19D0F12D00CAC654 /* SMContainerViewController.h */,
				01CFE47F19D0F12D00CAC654 /* SMContainerViewController.m */,
			);
			name = "Sliding Container";
			sourceTree = "<group>";
		};
		01CFE49719D2767500CAC654 /* Segmented Control */ = {
			isa = PBXGroup;
			children = (
				01CFE49419D2766A00CAC654 /* HMSegmentedControl.h */,
				01CFE49519D2766A00CAC654 /* HMSegmentedControl.m */,
			);
			name = "Segmented Control";
			sourceTree = "<group>";
		};
		01CFE49819D287C500CAC654 /* Table View */ = {
			isa = PBXGroup;
			children = (
				01CFE49919D287D900CAC654 /* SMFriendsTableViewController.h */,
				01CFE49A19D287D900CAC654 /* SMFriendsTableViewController.m */,
				01CFE49C19D2893E00CAC654 /* SMElsewhereViewController.h */,
				01CFE49D19D2893E00CAC654 /* SMElsewhereViewController.m */,
			);
			name = "Table View";
			sourceTree = "<group>";
		};
		01E5F07A19C39110001B6D35 = {
			isa = PBXGroup;
			children = (
				01E5F08C19C39110001B6D35 /* BarLift */,
				01E5F0AB19C39110001B6D35 /* BarLiftTests */,
				01E5F08519C39110001B6D35 /* Frameworks */,
				01E5F08419C39110001B6D35 /* Products */,
			);
			sourceTree = "<group>";
		};
		01E5F08419C39110001B6D35 /* Products */ = {
			isa = PBXGroup;
			children = (
				01E5F08319C39110001B6D35 /* BarLift.app */,
				01E5F0A419C39110001B6D35 /* BarLiftTests.xctest */,
			);
			name = Products;
			sourceTree = "<group>";
		};
		01E5F08519C39110001B6D35 /* Frameworks */ = {
			isa = PBXGroup;
			children = (
				01135FF519C3A81100987370 /* Accounts.framework */,
				01135FF619C3A81100987370 /* AdSupport.framework */,
				01135FF719C3A81100987370 /* AudioToolbox.framework */,
				01135FF819C3A81100987370 /* CFNetwork.framework */,
				01135FF919C3A81100987370 /* CoreLocation.framework */,
				01135FFA19C3A81100987370 /* libsqlite3.dylib */,
				01135FFB19C3A81100987370 /* libz.1.1.3.dylib */,
				01135FFC19C3A81100987370 /* MobileCoreServices.framework */,
				01135FFD19C3A81100987370 /* QuartzCore.framework */,
				01135FFE19C3A81100987370 /* Security.framework */,
				01135FFF19C3A81100987370 /* Social.framework */,
				0113600019C3A81100987370 /* StoreKit.framework */,
				0113600119C3A81100987370 /* SystemConfiguration.framework */,
				01E5F0CD19C3A548001B6D35 /* Bolts.framework */,
				01E5F0CE19C3A548001B6D35 /* ParseFacebookUtils.framework */,
				01E5F0CF19C3A548001B6D35 /* Parse.framework */,
				01E5F0CB19C3A4FF001B6D35 /* FacebookSDK.framework */,
				01E5F08619C39110001B6D35 /* Foundation.framework */,
				01E5F08819C39110001B6D35 /* CoreGraphics.framework */,
				01E5F08A19C39110001B6D35 /* UIKit.framework */,
				01E5F0A519C39110001B6D35 /* XCTest.framework */,
			);
			name = Frameworks;
			sourceTree = "<group>";
		};
		01E5F08C19C39110001B6D35 /* BarLift */ = {
			isa = PBXGroup;
			children = (
				01CFE47D19D0F10400CAC654 /* Sliding Container */,
				01938D4619CB8E7A00E40326 /* Settings */,
				01938D4519CB69D900E40326 /* Helper Libraries */,
				01E5F0C619C39D18001B6D35 /* Login */,
				01E5F09519C39110001B6D35 /* SMAppDelegate.h */,
				01E5F09619C39110001B6D35 /* SMAppDelegate.m */,
				0103D20319C672F900E41EAC /* Constants */,
				01E5F09819C39110001B6D35 /* Main.storyboard */,
				0113601219C3BA4F00987370 /* University Info */,
				01E5F09B19C39110001B6D35 /* SMViewController.h */,
				01E5F09C19C39110001B6D35 /* SMViewController.m */,
				01CFE49719D2767500CAC654 /* Segmented Control */,
				01E5F09E19C39110001B6D35 /* Images.xcassets */,
				01E5F08D19C39110001B6D35 /* Supporting Files */,
				01938D3C19CAA37400E40326 /* PopUp */,
			);
			path = BarLift;
			sourceTree = "<group>";
		};
		01E5F08D19C39110001B6D35 /* Supporting Files */ = {
			isa = PBXGroup;
			children = (
				01CFE4A419D5235600CAC654 /* fb.png */,
				01CFE4A619D523B800CAC654 /* logo.png */,
				01CFE48F19D1246A00CAC654 /* BarliftBG1.jpg */,
				01CFE48B19D123CE00CAC654 /* BarLiftBG6.jpg */,
				01CFE48719D1226200CAC654 /* BarLiftBG4.jpg */,
				01CFE48319D11C1F00CAC654 /* mute37.png */,
				01938D2E19CA85A500E40326 /* ok-48.png */,
				01938D2F19CA85A500E40326 /* checkmark-50.png */,
				01938D2C19CA820C00E40326 /* up_right-50.png */,
				01938D2A19CA80BD00E40326 /* delete_sign-32.png */,
				01938D1719CA4BA100E40326 /* cross30.png */,
				01938D1819CA4BA100E40326 /* checkmark16.png */,
				01938D1919CA4BA100E40326 /* verify4.png */,
				01938D0019C981A900E40326 /* fire9.png */,
				01938CFD19C961BC00E40326 /* Facebook@2x.png */,
				0103D21A19C95BA700E41EAC /* barlift-logo.png */,
				0103D21819C95B2E00E41EAC /* barliftlogo.png */,
				0103D21619C95A5100E41EAC /* facebook-login.png */,
				0103D21419C9582000E41EAC /* settings18.png */,
				0103D21319C7E33200E41EAC /* bar-louie-logo.png */,
				0103D20419C6919900E41EAC /* deal_background.png */,
				01E5F08E19C39110001B6D35 /* BarLift-Info.plist */,
				01E5F08F19C39110001B6D35 /* InfoPlist.strings */,
				01E5F09219C39110001B6D35 /* main.m */,
				01E5F09419C39110001B6D35 /* BarLift-Prefix.pch */,
			);
			name = "Supporting Files";
			sourceTree = "<group>";
		};
		01E5F0AB19C39110001B6D35 /* BarLiftTests */ = {
			isa = PBXGroup;
			children = (
				01E5F0B119C39110001B6D35 /* BarLiftTests.m */,
				01E5F0AC19C39110001B6D35 /* Supporting Files */,
			);
			path = BarLiftTests;
			sourceTree = "<group>";
		};
		01E5F0AC19C39110001B6D35 /* Supporting Files */ = {
			isa = PBXGroup;
			children = (
				01E5F0AD19C39110001B6D35 /* BarLiftTests-Info.plist */,
				01E5F0AE19C39110001B6D35 /* InfoPlist.strings */,
			);
			name = "Supporting Files";
			sourceTree = "<group>";
		};
		01E5F0C619C39D18001B6D35 /* Login */ = {
			isa = PBXGroup;
			children = (
				01E5F0C319C39D13001B6D35 /* SMLoginViewController.h */,
				01E5F0C419C39D13001B6D35 /* SMLoginViewController.m */,
			);
			name = Login;
			sourceTree = "<group>";
		};
		01E5F0C719C39E11001B6D35 /* Deal */ = {
			isa = PBXGroup;
			children = (
				01E5F0C819C39E24001B6D35 /* SMDealViewController.h */,
				01E5F0C919C39E24001B6D35 /* SMDealViewController.m */,
			);
			name = Deal;
			sourceTree = "<group>";
		};
/* End PBXGroup section */

/* Begin PBXNativeTarget section */
		01E5F08219C39110001B6D35 /* BarLift */ = {
			isa = PBXNativeTarget;
			buildConfigurationList = 01E5F0B519C39110001B6D35 /* Build configuration list for PBXNativeTarget "BarLift" */;
			buildPhases = (
				01E5F07F19C39110001B6D35 /* Sources */,
				01E5F08019C39110001B6D35 /* Frameworks */,
				01E5F08119C39110001B6D35 /* Resources */,
			);
			buildRules = (
			);
			dependencies = (
			);
			name = BarLift;
			productName = BarLift;
			productReference = 01E5F08319C39110001B6D35 /* BarLift.app */;
			productType = "com.apple.product-type.application";
		};
		01E5F0A319C39110001B6D35 /* BarLiftTests */ = {
			isa = PBXNativeTarget;
			buildConfigurationList = 01E5F0B819C39110001B6D35 /* Build configuration list for PBXNativeTarget "BarLiftTests" */;
			buildPhases = (
				01E5F0A019C39110001B6D35 /* Sources */,
				01E5F0A119C39110001B6D35 /* Frameworks */,
				01E5F0A219C39110001B6D35 /* Resources */,
			);
			buildRules = (
			);
			dependencies = (
				01E5F0AA19C39110001B6D35 /* PBXTargetDependency */,
			);
			name = BarLiftTests;
			productName = BarLiftTests;
			productReference = 01E5F0A419C39110001B6D35 /* BarLiftTests.xctest */;
			productType = "com.apple.product-type.bundle.unit-test";
		};
/* End PBXNativeTarget section */

/* Begin PBXProject section */
		01E5F07B19C39110001B6D35 /* Project object */ = {
			isa = PBXProject;
			attributes = {
				CLASSPREFIX = SM;
				LastUpgradeCheck = 0510;
				ORGANIZATIONNAME = "___FULLUSERNAME___";
				TargetAttributes = {
					01E5F08219C39110001B6D35 = {
						SystemCapabilities = {
							com.apple.BackgroundModes = {
								enabled = 1;
							};
						};
					};
					01E5F0A319C39110001B6D35 = {
						TestTargetID = 01E5F08219C39110001B6D35;
					};
				};
			};
			buildConfigurationList = 01E5F07E19C39110001B6D35 /* Build configuration list for PBXProject "BarLift" */;
			compatibilityVersion = "Xcode 3.2";
			developmentRegion = English;
			hasScannedForEncodings = 0;
			knownRegions = (
				en,
				Base,
			);
			mainGroup = 01E5F07A19C39110001B6D35;
			productRefGroup = 01E5F08419C39110001B6D35 /* Products */;
			projectDirPath = "";
			projectRoot = "";
			targets = (
				01E5F08219C39110001B6D35 /* BarLift */,
				01E5F0A319C39110001B6D35 /* BarLiftTests */,
			);
		};
/* End PBXProject section */

/* Begin PBXResourcesBuildPhase section */
		01E5F08119C39110001B6D35 /* Resources */ = {
			isa = PBXResourcesBuildPhase;
			buildActionMask = 2147483647;
			files = (
				01938D1B19CA4BA100E40326 /* checkmark16.png in Resources */,
				0103D20519C6919900E41EAC /* deal_background.png in Resources */,
				01E5F09F19C39110001B6D35 /* Images.xcassets in Resources */,
				01938CFE19C961BC00E40326 /* Facebook@2x.png in Resources */,
				01CFE4A519D5235600CAC654 /* fb.png in Resources */,
				01CFE48419D11C1F00CAC654 /* mute37.png in Resources */,
				01938D0319C981A900E40326 /* fire9.png in Resources */,
				0103D21519C9582000E41EAC /* settings18.png in Resources */,
				01CFE48819D1226200CAC654 /* BarLiftBG4.jpg in Resources */,
				0103D21119C7E33200E41EAC /* bar-louie-logo.png in Resources */,
				01CFE49019D1246A00CAC654 /* BarliftBG1.jpg in Resources */,
				0103D21719C95A5100E41EAC /* facebook-login.png in Resources */,
				0103D21B19C95BA700E41EAC /* barlift-logo.png in Resources */,
				01CFE48C19D123CE00CAC654 /* BarLiftBG6.jpg in Resources */,
				01938D1C19CA4BA100E40326 /* verify4.png in Resources */,
				01938D3119CA85A500E40326 /* checkmark-50.png in Resources */,
				01938D2B19CA80BD00E40326 /* delete_sign-32.png in Resources */,
				01938D2D19CA820C00E40326 /* up_right-50.png in Resources */,
				0103D21919C95B2E00E41EAC /* barliftlogo.png in Resources */,
				01938D3019CA85A500E40326 /* ok-48.png in Resources */,
				01CFE4A719D523B800CAC654 /* logo.png in Resources */,
				01E5F09119C39110001B6D35 /* InfoPlist.strings in Resources */,
				01E5F09A19C39110001B6D35 /* Main.storyboard in Resources */,
				01938D1A19CA4BA100E40326 /* cross30.png in Resources */,
			);
			runOnlyForDeploymentPostprocessing = 0;
		};
		01E5F0A219C39110001B6D35 /* Resources */ = {
			isa = PBXResourcesBuildPhase;
			buildActionMask = 2147483647;
			files = (
				01E5F0B019C39110001B6D35 /* InfoPlist.strings in Resources */,
			);
			runOnlyForDeploymentPostprocessing = 0;
		};
/* End PBXResourcesBuildPhase section */

/* Begin PBXSourcesBuildPhase section */
		01E5F07F19C39110001B6D35 /* Sources */ = {
			isa = PBXSourcesBuildPhase;
			buildActionMask = 2147483647;
			files = (
				01E5F09719C39110001B6D35 /* SMAppDelegate.m in Sources */,
				01CFE49B19D287D900CAC654 /* SMFriendsTableViewController.m in Sources */,
				01E5F0CA19C39E24001B6D35 /* SMDealViewController.m in Sources */,
				0113602419C4022200987370 /* SMUniversityTableViewCell.m in Sources */,
				01E5F09D19C39110001B6D35 /* SMViewController.m in Sources */,
				01E5F0C519C39D13001B6D35 /* SMLoginViewController.m in Sources */,
				01938D4919CB8E9000E40326 /* SMSettingsViewController.m in Sources */,
				01938D2519CA731F00E40326 /* EEToolbarCenterButtonOverlay.m in Sources */,
				01CFE49E19D2893E00CAC654 /* SMElsewhereViewController.m in Sources */,
				01CFE49619D2766A00CAC654 /* HMSegmentedControl.m in Sources */,
				01CFE48019D0F12D00CAC654 /* SMContainerViewController.m in Sources */,
				0103D20219C672F500E41EAC /* SMConstants.m in Sources */,
				01938D2619CA731F00E40326 /* UIToolbar+EEToolbarCenterButton.m in Sources */,
				01CFE47C19D0F0C900CAC654 /* SMFriendsViewController.m in Sources */,
				01E5F09319C39110001B6D35 /* main.m in Sources */,
				01938D4319CB5E1D00E40326 /* Reachability.m in Sources */,
				0113601E19C3D04600987370 /* SMUniversityTableViewController.m in Sources */,
				0103D20819C6984100E41EAC /* SMBarInfoTranslucentView.m in Sources */,
			);
			runOnlyForDeploymentPostprocessing = 0;
		};
		01E5F0A019C39110001B6D35 /* Sources */ = {
			isa = PBXSourcesBuildPhase;
			buildActionMask = 2147483647;
			files = (
				01E5F0B219C39110001B6D35 /* BarLiftTests.m in Sources */,
			);
			runOnlyForDeploymentPostprocessing = 0;
		};
/* End PBXSourcesBuildPhase section */

/* Begin PBXTargetDependency section */
		01E5F0AA19C39110001B6D35 /* PBXTargetDependency */ = {
			isa = PBXTargetDependency;
			target = 01E5F08219C39110001B6D35 /* BarLift */;
			targetProxy = 01E5F0A919C39110001B6D35 /* PBXContainerItemProxy */;
		};
/* End PBXTargetDependency section */

/* Begin PBXVariantGroup section */
		0103D21319C7E33200E41EAC /* bar-louie-logo.png */ = {
			isa = PBXVariantGroup;
			children = (
				0103D21219C7E33200E41EAC /* Base */,
			);
			name = "bar-louie-logo.png";
			sourceTree = "<group>";
		};
		01E5F08F19C39110001B6D35 /* InfoPlist.strings */ = {
			isa = PBXVariantGroup;
			children = (
				01E5F09019C39110001B6D35 /* en */,
			);
			name = InfoPlist.strings;
			sourceTree = "<group>";
		};
		01E5F09819C39110001B6D35 /* Main.storyboard */ = {
			isa = PBXVariantGroup;
			children = (
				01E5F09919C39110001B6D35 /* Base */,
			);
			name = Main.storyboard;
			sourceTree = "<group>";
		};
		01E5F0AE19C39110001B6D35 /* InfoPlist.strings */ = {
			isa = PBXVariantGroup;
			children = (
				01E5F0AF19C39110001B6D35 /* en */,
			);
			name = InfoPlist.strings;
			sourceTree = "<group>";
		};
/* End PBXVariantGroup section */

/* Begin XCBuildConfiguration section */
		01E5F0B319C39110001B6D35 /* Debug */ = {
			isa = XCBuildConfiguration;
			buildSettings = {
				ALWAYS_SEARCH_USER_PATHS = NO;
				CLANG_CXX_LANGUAGE_STANDARD = "gnu++0x";
				CLANG_CXX_LIBRARY = "libc++";
				CLANG_ENABLE_MODULES = YES;
				CLANG_ENABLE_OBJC_ARC = YES;
				CLANG_WARN_BOOL_CONVERSION = YES;
				CLANG_WARN_CONSTANT_CONVERSION = YES;
				CLANG_WARN_DIRECT_OBJC_ISA_USAGE = YES_ERROR;
				CLANG_WARN_EMPTY_BODY = YES;
				CLANG_WARN_ENUM_CONVERSION = YES;
				CLANG_WARN_INT_CONVERSION = YES;
				CLANG_WARN_OBJC_ROOT_CLASS = YES_ERROR;
				CLANG_WARN__DUPLICATE_METHOD_MATCH = YES;
				CODE_SIGN_IDENTITY = "iPhone Developer: Shikhar Mohan (T2BTRH7AEN)";
				"CODE_SIGN_IDENTITY[sdk=iphoneos*]" = "iPhone Developer: Shikhar Mohan (T2BTRH7AEN)";
				COPY_PHASE_STRIP = NO;
				GCC_C_LANGUAGE_STANDARD = gnu99;
				GCC_DYNAMIC_NO_PIC = NO;
				GCC_OPTIMIZATION_LEVEL = 0;
				GCC_PREPROCESSOR_DEFINITIONS = (
					"DEBUG=1",
					"$(inherited)",
				);
				GCC_SYMBOLS_PRIVATE_EXTERN = NO;
				GCC_WARN_64_TO_32_BIT_CONVERSION = YES;
				GCC_WARN_ABOUT_RETURN_TYPE = YES_ERROR;
				GCC_WARN_UNDECLARED_SELECTOR = YES;
				GCC_WARN_UNINITIALIZED_AUTOS = YES_AGGRESSIVE;
				GCC_WARN_UNUSED_FUNCTION = YES;
				GCC_WARN_UNUSED_VARIABLE = YES;
				IPHONEOS_DEPLOYMENT_TARGET = 7.1;
				ONLY_ACTIVE_ARCH = YES;
				PROVISIONING_PROFILE = "6bf4a09d-3dde-416e-99b6-f707de161046";
				SDKROOT = iphoneos;
			};
			name = Debug;
		};
		01E5F0B419C39110001B6D35 /* Release */ = {
			isa = XCBuildConfiguration;
			buildSettings = {
				ALWAYS_SEARCH_USER_PATHS = NO;
				CLANG_CXX_LANGUAGE_STANDARD = "gnu++0x";
				CLANG_CXX_LIBRARY = "libc++";
				CLANG_ENABLE_MODULES = YES;
				CLANG_ENABLE_OBJC_ARC = YES;
				CLANG_WARN_BOOL_CONVERSION = YES;
				CLANG_WARN_CONSTANT_CONVERSION = YES;
				CLANG_WARN_DIRECT_OBJC_ISA_USAGE = YES_ERROR;
				CLANG_WARN_EMPTY_BODY = YES;
				CLANG_WARN_ENUM_CONVERSION = YES;
				CLANG_WARN_INT_CONVERSION = YES;
				CLANG_WARN_OBJC_ROOT_CLASS = YES_ERROR;
				CLANG_WARN__DUPLICATE_METHOD_MATCH = YES;
				CODE_SIGN_IDENTITY = "iPhone Developer: Shikhar Mohan (T2BTRH7AEN)";
				"CODE_SIGN_IDENTITY[sdk=iphoneos*]" = "iPhone Developer: Shikhar Mohan (T2BTRH7AEN)";
				COPY_PHASE_STRIP = YES;
				ENABLE_NS_ASSERTIONS = NO;
				GCC_C_LANGUAGE_STANDARD = gnu99;
				GCC_WARN_64_TO_32_BIT_CONVERSION = YES;
				GCC_WARN_ABOUT_RETURN_TYPE = YES_ERROR;
				GCC_WARN_UNDECLARED_SELECTOR = YES;
				GCC_WARN_UNINITIALIZED_AUTOS = YES_AGGRESSIVE;
				GCC_WARN_UNUSED_FUNCTION = YES;
				GCC_WARN_UNUSED_VARIABLE = YES;
				IPHONEOS_DEPLOYMENT_TARGET = 7.1;
				PROVISIONING_PROFILE = "6bf4a09d-3dde-416e-99b6-f707de161046";
				SDKROOT = iphoneos;
				VALIDATE_PRODUCT = YES;
			};
			name = Release;
		};
		01E5F0B619C39110001B6D35 /* Debug */ = {
			isa = XCBuildConfiguration;
			buildSettings = {
				ASSETCATALOG_COMPILER_APPICON_NAME = AppIcon;
				ASSETCATALOG_COMPILER_LAUNCHIMAGE_NAME = LaunchImage;
				FRAMEWORK_SEARCH_PATHS = (
					"$(inherited)",
					"$(PROJECT_DIR)",
				);
				GCC_PRECOMPILE_PREFIX_HEADER = YES;
				GCC_PREFIX_HEADER = "BarLift/BarLift-Prefix.pch";
				INFOPLIST_FILE = "BarLift/BarLift-Info.plist";
				PRODUCT_NAME = "$(TARGET_NAME)";
				TARGETED_DEVICE_FAMILY = 1;
				WRAPPER_EXTENSION = app;
			};
			name = Debug;
		};
		01E5F0B719C39110001B6D35 /* Release */ = {
			isa = XCBuildConfiguration;
			buildSettings = {
				ASSETCATALOG_COMPILER_APPICON_NAME = AppIcon;
				ASSETCATALOG_COMPILER_LAUNCHIMAGE_NAME = LaunchImage;
				FRAMEWORK_SEARCH_PATHS = (
					"$(inherited)",
					"$(PROJECT_DIR)",
				);
				GCC_PRECOMPILE_PREFIX_HEADER = YES;
				GCC_PREFIX_HEADER = "BarLift/BarLift-Prefix.pch";
				INFOPLIST_FILE = "BarLift/BarLift-Info.plist";
				PRODUCT_NAME = "$(TARGET_NAME)";
				TARGETED_DEVICE_FAMILY = 1;
				WRAPPER_EXTENSION = app;
			};
			name = Release;
		};
		01E5F0B919C39110001B6D35 /* Debug */ = {
			isa = XCBuildConfiguration;
			buildSettings = {
				BUNDLE_LOADER = "$(BUILT_PRODUCTS_DIR)/BarLift.app/BarLift";
				FRAMEWORK_SEARCH_PATHS = (
					"$(SDKROOT)/Developer/Library/Frameworks",
					"$(inherited)",
					"$(DEVELOPER_FRAMEWORKS_DIR)",
				);
				GCC_PRECOMPILE_PREFIX_HEADER = YES;
				GCC_PREFIX_HEADER = "BarLift/BarLift-Prefix.pch";
				GCC_PREPROCESSOR_DEFINITIONS = (
					"DEBUG=1",
					"$(inherited)",
				);
				INFOPLIST_FILE = "BarLiftTests/BarLiftTests-Info.plist";
				PRODUCT_NAME = "$(TARGET_NAME)";
				TEST_HOST = "$(BUNDLE_LOADER)";
				WRAPPER_EXTENSION = xctest;
			};
			name = Debug;
		};
		01E5F0BA19C39110001B6D35 /* Release */ = {
			isa = XCBuildConfiguration;
			buildSettings = {
				BUNDLE_LOADER = "$(BUILT_PRODUCTS_DIR)/BarLift.app/BarLift";
				FRAMEWORK_SEARCH_PATHS = (
					"$(SDKROOT)/Developer/Library/Frameworks",
					"$(inherited)",
					"$(DEVELOPER_FRAMEWORKS_DIR)",
				);
				GCC_PRECOMPILE_PREFIX_HEADER = YES;
				GCC_PREFIX_HEADER = "BarLift/BarLift-Prefix.pch";
				INFOPLIST_FILE = "BarLiftTests/BarLiftTests-Info.plist";
				PRODUCT_NAME = "$(TARGET_NAME)";
				TEST_HOST = "$(BUNDLE_LOADER)";
				WRAPPER_EXTENSION = xctest;
			};
			name = Release;
		};
/* End XCBuildConfiguration section */

/* Begin XCConfigurationList section */
		01E5F07E19C39110001B6D35 /* Build configuration list for PBXProject "BarLift" */ = {
			isa = XCConfigurationList;
			buildConfigurations = (
				01E5F0B319C39110001B6D35 /* Debug */,
				01E5F0B419C39110001B6D35 /* Release */,
			);
			defaultConfigurationIsVisible = 0;
			defaultConfigurationName = Release;
		};
		01E5F0B519C39110001B6D35 /* Build configuration list for PBXNativeTarget "BarLift" */ = {
			isa = XCConfigurationList;
			buildConfigurations = (
				01E5F0B619C39110001B6D35 /* Debug */,
				01E5F0B719C39110001B6D35 /* Release */,
			);
			defaultConfigurationIsVisible = 0;
			defaultConfigurationName = Release;
		};
		01E5F0B819C39110001B6D35 /* Build configuration list for PBXNativeTarget "BarLiftTests" */ = {
			isa = XCConfigurationList;
			buildConfigurations = (
				01E5F0B919C39110001B6D35 /* Debug */,
				01E5F0BA19C39110001B6D35 /* Release */,
			);
			defaultConfigurationIsVisible = 0;
			defaultConfigurationName = Release;
		};
/* End XCConfigurationList section */
	};
	rootObject = 01E5F07B19C39110001B6D35 /* Project object */;
}
